
Microsoft Visual Studio Solution File, Format Version 12.00
# Visual Studio Version 16
VisualStudioVersion = 16.0.30804.86
MinimumVisualStudioVersion = 10.0.40219.1
Project("{FAE04EC0-301F-11D3-BF4B-00C04F79EFBC}") = "Net5.Fundamentals.Taller.Parallel.Client", "Net5.Fundamentals.Taller.Parallel.Client\Net5.Fundamentals.Taller.Parallel.Client.csproj", "{D3FCBFD0-DBF0-47AF-A832-F5CDAF871761}"
EndProject
Global
	GlobalSection(SolutionConfigurationPlatforms) = preSolution
		Debug|Any CPU = Debug|Any CPU
		Release|Any CPU = Release|Any CPU
	EndGlobalSection
	GlobalSection(ProjectConfigurationPlatforms) = postSolution
		{D3FCBFD0-DBF0-47AF-A832-F5CDAF871761}.Debug|Any CPU.ActiveCfg = Debug|Any CPU
		{D3FCBFD0-DBF0-47AF-A832-F5CDAF871761}.Debug|Any CPU.Build.0 = Debug|Any CPU
		{D3FCBFD0-DBF0-47AF-A832-F5CDAF871761}.Release|Any CPU.ActiveCfg = Release|Any CPU
		{D3FCBFD0-DBF0-47AF-A832-F5CDAF871761}.Release|Any CPU.Build.0 = Release|Any CPU
	EndGlobalSection
	GlobalSection(SolutionProperties) = preSolution
		HideSolutionNode = FALSE
	EndGlobalSection
	GlobalSection(ExtensibilityGlobals) = postSolution
		SolutionGuid = {EEFD77D2-CE69-430B-964B-B3CEE1ACFED6}
	EndGlobalSection
EndGlobal
