
Microsoft Visual Studio Solution File, Format Version 12.00
# Visual Studio Version 16
VisualStudioVersion = 16.0.30804.86
MinimumVisualStudioVersion = 10.0.40219.1
Project("{FAE04EC0-301F-11D3-BF4B-00C04F79EFBC}") = "Net5.ListAndThread.ConsoleList", "Net5.ListAndThread.ConsoleList\Net5.ListAndThread.ConsoleList.csproj", "{9C4B3301-55E3-41B2-84E0-F11EB2E91E4D}"
EndProject
Global
	GlobalSection(SolutionConfigurationPlatforms) = preSolution
		Debug|Any CPU = Debug|Any CPU
		Release|Any CPU = Release|Any CPU
	EndGlobalSection
	GlobalSection(ProjectConfigurationPlatforms) = postSolution
		{9C4B3301-55E3-41B2-84E0-F11EB2E91E4D}.Debug|Any CPU.ActiveCfg = Debug|Any CPU
		{9C4B3301-55E3-41B2-84E0-F11EB2E91E4D}.Debug|Any CPU.Build.0 = Debug|Any CPU
		{9C4B3301-55E3-41B2-84E0-F11EB2E91E4D}.Release|Any CPU.ActiveCfg = Release|Any CPU
		{9C4B3301-55E3-41B2-84E0-F11EB2E91E4D}.Release|Any CPU.Build.0 = Release|Any CPU
	EndGlobalSection
	GlobalSection(SolutionProperties) = preSolution
		HideSolutionNode = FALSE
	EndGlobalSection
	GlobalSection(ExtensibilityGlobals) = postSolution
		SolutionGuid = {052F5C0D-8AA8-448B-AC76-EC67E54F2E44}
	EndGlobalSection
EndGlobal
